
Microsoft Visual Studio Solution File, Format Version 12.00
# Visual Studio Version 17
VisualStudioVersion = 17.0.31903.59
MinimumVisualStudioVersion = 10.0.40219.1
Project("{FAE04EC0-301F-11D3-BF4B-00C04F79EFBC}") = "MainApp", "MainApp\MainApp.csproj", "{52300798-276E-472F-95FB-C054DD72DD9E}"
EndProject
Project("{FAE04EC0-301F-11D3-BF4B-00C04F79EFBC}") = "Infrastructure", "Infrastructure\Infrastructure.csproj", "{7D89C5C3-B787-4B4E-B768-032DD7D7D4DF}"
EndProject
Project("{FAE04EC0-301F-11D3-BF4B-00C04F79EFBC}") = "Domain", "Domain\Domain.csproj", "{9DB9360F-CF18-4C9A-8B6A-9B8038ED7A7C}"
EndProject
Project("{FAE04EC0-301F-11D3-BF4B-00C04F79EFBC}") = "WebApi", "WebApi\WebApi.csproj", "{AA909A7E-44D6-4A5B-9097-5B80B3F49EA8}"
EndProject
Global
	GlobalSection(SolutionConfigurationPlatforms) = preSolution
		Debug|Any CPU = Debug|Any CPU
		Release|Any CPU = Release|Any CPU
	EndGlobalSection
	GlobalSection(SolutionProperties) = preSolution
		HideSolutionNode = FALSE
	EndGlobalSection
	GlobalSection(ProjectConfigurationPlatforms) = postSolution
		{52300798-276E-472F-95FB-C054DD72DD9E}.Debug|Any CPU.ActiveCfg = Debug|Any CPU
		{52300798-276E-472F-95FB-C054DD72DD9E}.Debug|Any CPU.Build.0 = Debug|Any CPU
		{52300798-276E-472F-95FB-C054DD72DD9E}.Release|Any CPU.ActiveCfg = Release|Any CPU
		{52300798-276E-472F-95FB-C054DD72DD9E}.Release|Any CPU.Build.0 = Release|Any CPU
		{7D89C5C3-B787-4B4E-B768-032DD7D7D4DF}.Debug|Any CPU.ActiveCfg = Debug|Any CPU
		{7D89C5C3-B787-4B4E-B768-032DD7D7D4DF}.Debug|Any CPU.Build.0 = Debug|Any CPU
		{7D89C5C3-B787-4B4E-B768-032DD7D7D4DF}.Release|Any CPU.ActiveCfg = Release|Any CPU
		{7D89C5C3-B787-4B4E-B768-032DD7D7D4DF}.Release|Any CPU.Build.0 = Release|Any CPU
		{9DB9360F-CF18-4C9A-8B6A-9B8038ED7A7C}.Debug|Any CPU.ActiveCfg = Debug|Any CPU
		{9DB9360F-CF18-4C9A-8B6A-9B8038ED7A7C}.Debug|Any CPU.Build.0 = Debug|Any CPU
		{9DB9360F-CF18-4C9A-8B6A-9B8038ED7A7C}.Release|Any CPU.ActiveCfg = Release|Any CPU
		{9DB9360F-CF18-4C9A-8B6A-9B8038ED7A7C}.Release|Any CPU.Build.0 = Release|Any CPU
		{AA909A7E-44D6-4A5B-9097-5B80B3F49EA8}.Debug|Any CPU.ActiveCfg = Debug|Any CPU
		{AA909A7E-44D6-4A5B-9097-5B80B3F49EA8}.Debug|Any CPU.Build.0 = Debug|Any CPU
		{AA909A7E-44D6-4A5B-9097-5B80B3F49EA8}.Release|Any CPU.ActiveCfg = Release|Any CPU
		{AA909A7E-44D6-4A5B-9097-5B80B3F49EA8}.Release|Any CPU.Build.0 = Release|Any CPU
	EndGlobalSection
EndGlobal
